# This file is automatically @generated by Cargo.
# It is not intended for manual editing.
version = 4

[[package]]
name = "nimbus_vault_application"
version = "0.1.0"
dependencies = [
 "nimbus_vault_domain",
 "nimbus_vault_shared",
]

[[package]]
name = "nimbus_vault_domain"
version = "0.1.0"
dependencies = [
 "nimbus_vault_shared",
]

[[package]]
name = "nimbus_vault_entrypoint"
version = "0.1.0"
dependencies = [
 "nimbus_vault_application",
 "nimbus_vault_domain",
 "nimbus_vault_infrastructure",
 "nimbus_vault_shared",
]

[[package]]
name = "nimbus_vault_infrastructure"
version = "0.1.0"
dependencies = [
 "nimbus_vault_application",
 "nimbus_vault_domain",
 "nimbus_vault_shared",
]

[[package]]
name = "nimbus_vault_shared"
version = "0.1.0"
